
Microsoft Visual Studio Solution File, Format Version 12.00
# Visual Studio 15
VisualStudioVersion = 15.0.27004.2002
MinimumVisualStudioVersion = 10.0.40219.1
Project("{FAE04EC0-301F-11D3-BF4B-00C04F79EFBC}") = "PanXPan.Api", "PanXPan.Api\PanXPan.Api.csproj", "{4454BBBA-3E41-4772-A606-6D89055CCC96}"
EndProject
Project("{FAE04EC0-301F-11D3-BF4B-00C04F79EFBC}") = "PanXPan.Api.Tests", "PanXPan.Api.Tests\PanXPan.Api.Tests.csproj", "{9ADCBDD0-61BE-4FC0-B907-A16CD2F54D99}"
EndProject
Global
	GlobalSection(SolutionConfigurationPlatforms) = preSolution
		Debug|Any CPU = Debug|Any CPU
		Release|Any CPU = Release|Any CPU
	EndGlobalSection
	GlobalSection(ProjectConfigurationPlatforms) = postSolution
		{4454BBBA-3E41-4772-A606-6D89055CCC96}.Debug|Any CPU.ActiveCfg = Debug|Any CPU
		{4454BBBA-3E41-4772-A606-6D89055CCC96}.Debug|Any CPU.Build.0 = Debug|Any CPU
		{4454BBBA-3E41-4772-A606-6D89055CCC96}.Release|Any CPU.ActiveCfg = Release|Any CPU
		{4454BBBA-3E41-4772-A606-6D89055CCC96}.Release|Any CPU.Build.0 = Release|Any CPU
		{9ADCBDD0-61BE-4FC0-B907-A16CD2F54D99}.Debug|Any CPU.ActiveCfg = Debug|Any CPU
		{9ADCBDD0-61BE-4FC0-B907-A16CD2F54D99}.Debug|Any CPU.Build.0 = Debug|Any CPU
		{9ADCBDD0-61BE-4FC0-B907-A16CD2F54D99}.Release|Any CPU.ActiveCfg = Release|Any CPU
		{9ADCBDD0-61BE-4FC0-B907-A16CD2F54D99}.Release|Any CPU.Build.0 = Release|Any CPU
	EndGlobalSection
	GlobalSection(SolutionProperties) = preSolution
		HideSolutionNode = FALSE
	EndGlobalSection
	GlobalSection(ExtensibilityGlobals) = postSolution
		SolutionGuid = {C03725F4-33CA-40E1-B8CA-BAAFCE1CCB58}
	EndGlobalSection
EndGlobal
